// !$*UTF8*$!
{
	archiveVersion = 1;
	classes = {
	};
	objectVersion = 52;
	objects = {

/* Begin PBXBuildFile section */
		CE045CE72601141A00E72767 /* CloudKit.framework in Frameworks */ = {isa = PBXBuildFile; fileRef = CE045CE62601141A00E72767 /* CloudKit.framework */; };
		CE0C2A9A2603664400256AA5 /* Shadowed.swift in Sources */ = {isa = PBXBuildFile; fileRef = CE0C2A992603664400256AA5 /* Shadowed.swift */; };
		CE0C2A9E26036BF300256AA5 /* Walking.Time.swift in Sources */ = {isa = PBXBuildFile; fileRef = CE0C2A9D26036BF300256AA5 /* Walking.Time.swift */; };
		CE0C2AA32603728000256AA5 /* Walking.Time.Ring.swift in Sources */ = {isa = PBXBuildFile; fileRef = CE0C2AA22603728000256AA5 /* Walking.Time.Ring.swift */; };
		CE0C2AA826038CC600256AA5 /* Walking.Segmented.swift in Sources */ = {isa = PBXBuildFile; fileRef = CE0C2AA726038CC600256AA5 /* Walking.Segmented.swift */; };
		CE0C2AAD26038EDA00256AA5 /* Walking.Segmented.Item.swift in Sources */ = {isa = PBXBuildFile; fileRef = CE0C2AAC26038EDA00256AA5 /* Walking.Segmented.Item.swift */; };
		CE0C2AB12603921C00256AA5 /* Walking.Segmented.Status.swift in Sources */ = {isa = PBXBuildFile; fileRef = CE0C2AB02603921C00256AA5 /* Walking.Segmented.Status.swift */; };
		CE16C765260758C00049004F /* Metrics.swift in Sources */ = {isa = PBXBuildFile; fileRef = CE16C764260758C00049004F /* Metrics.swift */; };
		CE16C76926075B600049004F /* Detail.Streak.Ephemeris.swift in Sources */ = {isa = PBXBuildFile; fileRef = CE16C76826075B600049004F /* Detail.Streak.Ephemeris.swift */; };
		CE23589426023AA700D2BFBB /* Session.Player.swift in Sources */ = {isa = PBXBuildFile; fileRef = CE23589326023AA700D2BFBB /* Session.Player.swift */; };
		CE2491162606163F00B3E741 /* Home.Item.Streak.swift in Sources */ = {isa = PBXBuildFile; fileRef = CE2491152606163F00B3E741 /* Home.Item.Streak.swift */; };
		CE352A8E2604D2230081311F /* Listed.swift in Sources */ = {isa = PBXBuildFile; fileRef = CE352A8D2604D2230081311F /* Listed.swift */; };
		CE352A912604D4730081311F /* Listed.Item.swift in Sources */ = {isa = PBXBuildFile; fileRef = CE352A902604D4730081311F /* Listed.Item.swift */; };
		CE352A962604E1B30081311F /* Listed.Item.Bar.swift in Sources */ = {isa = PBXBuildFile; fileRef = CE352A952604E1B30081311F /* Listed.Item.Bar.swift */; };
		CE352A9B2604F2380081311F /* Leaderboards.swift in Sources */ = {isa = PBXBuildFile; fileRef = CE352A9A2604F2380081311F /* Leaderboards.swift */; };
		CE352A9E2604F25C0081311F /* Leaderboards.Coordinator.swift in Sources */ = {isa = PBXBuildFile; fileRef = CE352A9D2604F25C0081311F /* Leaderboards.Coordinator.swift */; };
		CE4180B0260241F50046B18F /* Window.swift in Sources */ = {isa = PBXBuildFile; fileRef = CE4180AF260241F50046B18F /* Window.swift */; };
		CE4180B3260242310046B18F /* Session.Section.swift in Sources */ = {isa = PBXBuildFile; fileRef = CE4180B2260242310046B18F /* Session.Section.swift */; };
		CE4180B7260245190046B18F /* Detail.swift in Sources */ = {isa = PBXBuildFile; fileRef = CE4180B6260245190046B18F /* Detail.swift */; };
		CE4180BB26024A0F0046B18F /* Detail.Start.swift in Sources */ = {isa = PBXBuildFile; fileRef = CE4180BA26024A0F0046B18F /* Detail.Start.swift */; };
		CE4180BF26024D620046B18F /* App.Delegate.swift in Sources */ = {isa = PBXBuildFile; fileRef = CE4180BE26024D620046B18F /* App.Delegate.swift */; };
		CE66B402260218C000609850 /* Smith in Frameworks */ = {isa = PBXBuildFile; productRef = CE66B401260218C000609850 /* Smith */; };
		CE67067625FF82E00074323A /* Home.swift in Sources */ = {isa = PBXBuildFile; fileRef = CE67067525FF82E00074323A /* Home.swift */; };
		CE67067925FF83010074323A /* Session.swift in Sources */ = {isa = PBXBuildFile; fileRef = CE67067825FF83010074323A /* Session.swift */; };
		CE67067E25FF84730074323A /* Home.Greet.swift in Sources */ = {isa = PBXBuildFile; fileRef = CE67067D25FF84730074323A /* Home.Greet.swift */; };
		CE67068325FF980C0074323A /* GameKit.framework in Frameworks */ = {isa = PBXBuildFile; fileRef = CE67068225FF980C0074323A /* GameKit.framework */; };
		CE9D770626025EA7000BB7CC /* Walking.swift in Sources */ = {isa = PBXBuildFile; fileRef = CE9D770526025EA7000BB7CC /* Walking.swift */; };
		CE9E86F72604B475003C0D58 /* RelativeDateTimeFormatter.swift in Sources */ = {isa = PBXBuildFile; fileRef = CE9E86F62604B475003C0D58 /* RelativeDateTimeFormatter.swift */; };
		CEA0F34025FF7D4C00CFB18C /* App.swift in Sources */ = {isa = PBXBuildFile; fileRef = CEA0F33F25FF7D4C00CFB18C /* App.swift */; };
		CEA0F34425FF7D4C00CFB18C /* Assets.xcassets in Resources */ = {isa = PBXBuildFile; fileRef = CEA0F34325FF7D4C00CFB18C /* Assets.xcassets */; };
		CEB836122600E1430021BF60 /* Settings.bundle in Resources */ = {isa = PBXBuildFile; fileRef = CEB836112600E1430021BF60 /* Settings.bundle */; };
		CEB836162600E9690021BF60 /* Home.Item.swift in Sources */ = {isa = PBXBuildFile; fileRef = CEB836152600E9690021BF60 /* Home.Item.swift */; };
		CEB8361E2600EF1D0021BF60 /* Challenge.Metadata.swift in Sources */ = {isa = PBXBuildFile; fileRef = CEB8361D2600EF1D0021BF60 /* Challenge.Metadata.swift */; };
		CEBB7B3326062C56007A2AF6 /* Detail.Streak.swift in Sources */ = {isa = PBXBuildFile; fileRef = CEBB7B3226062C56007A2AF6 /* Detail.Streak.swift */; };
		CEBB7B372606301E007A2AF6 /* Detail.Streak.Header.swift in Sources */ = {isa = PBXBuildFile; fileRef = CEBB7B362606301E007A2AF6 /* Detail.Streak.Header.swift */; };
		CEDE1E1325FF9EB4005F9E6E /* Game.swift in Sources */ = {isa = PBXBuildFile; fileRef = CEDE1E1225FF9EB4005F9E6E /* Game.swift */; };
		CEDE1E1C25FF9FDF005F9E6E /* UIApplication.swift in Sources */ = {isa = PBXBuildFile; fileRef = CEDE1E1B25FF9FDF005F9E6E /* UIApplication.swift */; };
/* End PBXBuildFile section */

/* Begin PBXFileReference section */
		CE045CE42601140F00E72767 /* Walksmith.entitlements */ = {isa = PBXFileReference; lastKnownFileType = text.plist.entitlements; path = Walksmith.entitlements; sourceTree = "<group>"; };
		CE045CE62601141A00E72767 /* CloudKit.framework */ = {isa = PBXFileReference; lastKnownFileType = wrapper.framework; name = CloudKit.framework; path = Platforms/iPhoneOS.platform/Developer/SDKs/iPhoneOS14.4.sdk/System/Library/Frameworks/CloudKit.framework; sourceTree = DEVELOPER_DIR; };
		CE0C2A992603664400256AA5 /* Shadowed.swift */ = {isa = PBXFileReference; lastKnownFileType = sourcecode.swift; path = Shadowed.swift; sourceTree = "<group>"; };
		CE0C2A9D26036BF300256AA5 /* Walking.Time.swift */ = {isa = PBXFileReference; lastKnownFileType = sourcecode.swift; path = Walking.Time.swift; sourceTree = "<group>"; };
		CE0C2AA22603728000256AA5 /* Walking.Time.Ring.swift */ = {isa = PBXFileReference; lastKnownFileType = sourcecode.swift; path = Walking.Time.Ring.swift; sourceTree = "<group>"; };
		CE0C2AA726038CC600256AA5 /* Walking.Segmented.swift */ = {isa = PBXFileReference; lastKnownFileType = sourcecode.swift; path = Walking.Segmented.swift; sourceTree = "<group>"; };
		CE0C2AAC26038EDA00256AA5 /* Walking.Segmented.Item.swift */ = {isa = PBXFileReference; lastKnownFileType = sourcecode.swift; path = Walking.Segmented.Item.swift; sourceTree = "<group>"; };
		CE0C2AB02603921C00256AA5 /* Walking.Segmented.Status.swift */ = {isa = PBXFileReference; lastKnownFileType = sourcecode.swift; path = Walking.Segmented.Status.swift; sourceTree = "<group>"; };
		CE16C764260758C00049004F /* Metrics.swift */ = {isa = PBXFileReference; lastKnownFileType = sourcecode.swift; path = Metrics.swift; sourceTree = "<group>"; };
		CE16C76826075B600049004F /* Detail.Streak.Ephemeris.swift */ = {isa = PBXFileReference; lastKnownFileType = sourcecode.swift; path = Detail.Streak.Ephemeris.swift; sourceTree = "<group>"; };
		CE23589326023AA700D2BFBB /* Session.Player.swift */ = {isa = PBXFileReference; lastKnownFileType = sourcecode.swift; path = Session.Player.swift; sourceTree = "<group>"; };
		CE2491152606163F00B3E741 /* Home.Item.Streak.swift */ = {isa = PBXFileReference; lastKnownFileType = sourcecode.swift; path = Home.Item.Streak.swift; sourceTree = "<group>"; };
		CE352A8D2604D2230081311F /* Listed.swift */ = {isa = PBXFileReference; lastKnownFileType = sourcecode.swift; path = Listed.swift; sourceTree = "<group>"; };
		CE352A902604D4730081311F /* Listed.Item.swift */ = {isa = PBXFileReference; lastKnownFileType = sourcecode.swift; path = Listed.Item.swift; sourceTree = "<group>"; };
		CE352A952604E1B30081311F /* Listed.Item.Bar.swift */ = {isa = PBXFileReference; lastKnownFileType = sourcecode.swift; path = Listed.Item.Bar.swift; sourceTree = "<group>"; };
		CE352A9A2604F2380081311F /* Leaderboards.swift */ = {isa = PBXFileReference; lastKnownFileType = sourcecode.swift; path = Leaderboards.swift; sourceTree = "<group>"; };
		CE352A9D2604F25C0081311F /* Leaderboards.Coordinator.swift */ = {isa = PBXFileReference; lastKnownFileType = sourcecode.swift; path = Leaderboards.Coordinator.swift; sourceTree = "<group>"; };
		CE4180AF260241F50046B18F /* Window.swift */ = {isa = PBXFileReference; lastKnownFileType = sourcecode.swift; path = Window.swift; sourceTree = "<group>"; };
		CE4180B2260242310046B18F /* Session.Section.swift */ = {isa = PBXFileReference; lastKnownFileType = sourcecode.swift; path = Session.Section.swift; sourceTree = "<group>"; };
		CE4180B6260245190046B18F /* Detail.swift */ = {isa = PBXFileReference; lastKnownFileType = sourcecode.swift; path = Detail.swift; sourceTree = "<group>"; };
		CE4180BA26024A0F0046B18F /* Detail.Start.swift */ = {isa = PBXFileReference; lastKnownFileType = sourcecode.swift; path = Detail.Start.swift; sourceTree = "<group>"; };
		CE4180BE26024D620046B18F /* App.Delegate.swift */ = {isa = PBXFileReference; lastKnownFileType = sourcecode.swift; path = App.Delegate.swift; sourceTree = "<group>"; };
		CE67067525FF82E00074323A /* Home.swift */ = {isa = PBXFileReference; lastKnownFileType = sourcecode.swift; path = Home.swift; sourceTree = "<group>"; };
		CE67067825FF83010074323A /* Session.swift */ = {isa = PBXFileReference; lastKnownFileType = sourcecode.swift; path = Session.swift; sourceTree = "<group>"; };
		CE67067D25FF84730074323A /* Home.Greet.swift */ = {isa = PBXFileReference; lastKnownFileType = sourcecode.swift; path = Home.Greet.swift; sourceTree = "<group>"; };
		CE67068225FF980C0074323A /* GameKit.framework */ = {isa = PBXFileReference; lastKnownFileType = wrapper.framework; name = GameKit.framework; path = Platforms/iPhoneOS.platform/Developer/SDKs/iPhoneOS14.4.sdk/System/Library/Frameworks/GameKit.framework; sourceTree = DEVELOPER_DIR; };
		CE9D770526025EA7000BB7CC /* Walking.swift */ = {isa = PBXFileReference; lastKnownFileType = sourcecode.swift; path = Walking.swift; sourceTree = "<group>"; };
		CE9E86F62604B475003C0D58 /* RelativeDateTimeFormatter.swift */ = {isa = PBXFileReference; lastKnownFileType = sourcecode.swift; path = RelativeDateTimeFormatter.swift; sourceTree = "<group>"; };
		CEA0F33C25FF7D4C00CFB18C /* Walksmith.app */ = {isa = PBXFileReference; explicitFileType = wrapper.application; includeInIndex = 0; path = Walksmith.app; sourceTree = BUILT_PRODUCTS_DIR; };
		CEA0F33F25FF7D4C00CFB18C /* App.swift */ = {isa = PBXFileReference; lastKnownFileType = sourcecode.swift; path = App.swift; sourceTree = "<group>"; };
		CEA0F34325FF7D4C00CFB18C /* Assets.xcassets */ = {isa = PBXFileReference; lastKnownFileType = folder.assetcatalog; path = Assets.xcassets; sourceTree = "<group>"; };
		CEA0F34825FF7D4C00CFB18C /* Info.plist */ = {isa = PBXFileReference; lastKnownFileType = text.plist.xml; path = Info.plist; sourceTree = "<group>"; };
		CEB836112600E1430021BF60 /* Settings.bundle */ = {isa = PBXFileReference; lastKnownFileType = "wrapper.plug-in"; path = Settings.bundle; sourceTree = "<group>"; };
		CEB836152600E9690021BF60 /* Home.Item.swift */ = {isa = PBXFileReference; lastKnownFileType = sourcecode.swift; path = Home.Item.swift; sourceTree = "<group>"; };
		CEB8361D2600EF1D0021BF60 /* Challenge.Metadata.swift */ = {isa = PBXFileReference; lastKnownFileType = sourcecode.swift; path = Challenge.Metadata.swift; sourceTree = "<group>"; };
		CEBB7B3226062C56007A2AF6 /* Detail.Streak.swift */ = {isa = PBXFileReference; lastKnownFileType = sourcecode.swift; path = Detail.Streak.swift; sourceTree = "<group>"; };
		CEBB7B362606301E007A2AF6 /* Detail.Streak.Header.swift */ = {isa = PBXFileReference; lastKnownFileType = sourcecode.swift; path = Detail.Streak.Header.swift; sourceTree = "<group>"; };
		CEDE1E1225FF9EB4005F9E6E /* Game.swift */ = {isa = PBXFileReference; lastKnownFileType = sourcecode.swift; path = Game.swift; sourceTree = "<group>"; };
		CEDE1E1B25FF9FDF005F9E6E /* UIApplication.swift */ = {isa = PBXFileReference; lastKnownFileType = sourcecode.swift; path = UIApplication.swift; sourceTree = "<group>"; };
/* End PBXFileReference section */

/* Begin PBXFrameworksBuildPhase section */
		CEA0F33925FF7D4C00CFB18C /* Frameworks */ = {
			isa = PBXFrameworksBuildPhase;
			buildActionMask = 2147483647;
			files = (
				CE66B402260218C000609850 /* Smith in Frameworks */,
				CE67068325FF980C0074323A /* GameKit.framework in Frameworks */,
				CE045CE72601141A00E72767 /* CloudKit.framework in Frameworks */,
			);
			runOnlyForDeploymentPostprocessing = 0;
		};
/* End PBXFrameworksBuildPhase section */

/* Begin PBXGroup section */
		CE67068125FF980C0074323A /* Frameworks */ = {
			isa = PBXGroup;
			children = (
				CE045CE62601141A00E72767 /* CloudKit.framework */,
				CE67068225FF980C0074323A /* GameKit.framework */,
			);
			name = Frameworks;
			sourceTree = "<group>";
		};
		CE9E86F52604B464003C0D58 /* Shared */ = {
			isa = PBXGroup;
			children = (
				CE9E86F62604B475003C0D58 /* RelativeDateTimeFormatter.swift */,
			);
			path = Shared;
			sourceTree = "<group>";
		};
		CEA0F33125FF7D3C00CFB18C = {
			isa = PBXGroup;
			children = (
				CE67068125FF980C0074323A /* Frameworks */,
				CEA0F33E25FF7D4C00CFB18C /* iOS */,
				CEA0F33D25FF7D4C00CFB18C /* Products */,
				CE9E86F52604B464003C0D58 /* Shared */,
			);
			sourceTree = "<group>";
		};
		CEA0F33D25FF7D4C00CFB18C /* Products */ = {
			isa = PBXGroup;
			children = (
				CEA0F33C25FF7D4C00CFB18C /* Walksmith.app */,
			);
			name = Products;
			sourceTree = "<group>";
		};
		CEA0F33E25FF7D4C00CFB18C /* iOS */ = {
			isa = PBXGroup;
			children = (
				CEB836112600E1430021BF60 /* Settings.bundle */,
				CE045CE42601140F00E72767 /* Walksmith.entitlements */,
				CEA0F34825FF7D4C00CFB18C /* Info.plist */,
				CE4180BE26024D620046B18F /* App.Delegate.swift */,
				CEA0F33F25FF7D4C00CFB18C /* App.swift */,
				CEB8361D2600EF1D0021BF60 /* Challenge.Metadata.swift */,
				CE4180BA26024A0F0046B18F /* Detail.Start.swift */,
				CE16C76826075B600049004F /* Detail.Streak.Ephemeris.swift */,
				CEBB7B362606301E007A2AF6 /* Detail.Streak.Header.swift */,
				CEBB7B3226062C56007A2AF6 /* Detail.Streak.swift */,
				CE4180B6260245190046B18F /* Detail.swift */,
				CEDE1E1225FF9EB4005F9E6E /* Game.swift */,
				CE67067D25FF84730074323A /* Home.Greet.swift */,
				CE2491152606163F00B3E741 /* Home.Item.Streak.swift */,
				CEB836152600E9690021BF60 /* Home.Item.swift */,
				CE67067525FF82E00074323A /* Home.swift */,
				CE352A9D2604F25C0081311F /* Leaderboards.Coordinator.swift */,
				CE352A9A2604F2380081311F /* Leaderboards.swift */,
				CE352A952604E1B30081311F /* Listed.Item.Bar.swift */,
				CE352A902604D4730081311F /* Listed.Item.swift */,
				CE352A8D2604D2230081311F /* Listed.swift */,
				CE16C764260758C00049004F /* Metrics.swift */,
				CE23589326023AA700D2BFBB /* Session.Player.swift */,
				CE4180B2260242310046B18F /* Session.Section.swift */,
				CE67067825FF83010074323A /* Session.swift */,
				CE0C2A992603664400256AA5 /* Shadowed.swift */,
				CEDE1E1B25FF9FDF005F9E6E /* UIApplication.swift */,
				CE0C2AAC26038EDA00256AA5 /* Walking.Segmented.Item.swift */,
				CE0C2AB02603921C00256AA5 /* Walking.Segmented.Status.swift */,
				CE0C2AA726038CC600256AA5 /* Walking.Segmented.swift */,
				CE9D770526025EA7000BB7CC /* Walking.swift */,
				CE0C2AA22603728000256AA5 /* Walking.Time.Ring.swift */,
				CE0C2A9D26036BF300256AA5 /* Walking.Time.swift */,
				CE4180AF260241F50046B18F /* Window.swift */,
				CEA0F34325FF7D4C00CFB18C /* Assets.xcassets */,
			);
			path = iOS;
			sourceTree = "<group>";
		};
/* End PBXGroup section */

/* Begin PBXNativeTarget section */
		CEA0F33B25FF7D4C00CFB18C /* iOS */ = {
			isa = PBXNativeTarget;
			buildConfigurationList = CEA0F34925FF7D4C00CFB18C /* Build configuration list for PBXNativeTarget "iOS" */;
			buildPhases = (
				CEA0F33825FF7D4C00CFB18C /* Sources */,
				CEA0F33925FF7D4C00CFB18C /* Frameworks */,
				CEA0F33A25FF7D4C00CFB18C /* Resources */,
			);
			buildRules = (
			);
			dependencies = (
			);
			name = iOS;
			packageProductDependencies = (
				CE66B401260218C000609850 /* Smith */,
			);
			productName = iOS;
			productReference = CEA0F33C25FF7D4C00CFB18C /* Walksmith.app */;
			productType = "com.apple.product-type.application";
		};
/* End PBXNativeTarget section */

/* Begin PBXProject section */
		CEA0F33225FF7D3C00CFB18C /* Project object */ = {
			isa = PBXProject;
			attributes = {
				LastSwiftUpdateCheck = 1240;
				LastUpgradeCheck = 1240;
				TargetAttributes = {
					CEA0F33B25FF7D4C00CFB18C = {
						CreatedOnToolsVersion = 12.4;
					};
				};
			};
			buildConfigurationList = CEA0F33525FF7D3C00CFB18C /* Build configuration list for PBXProject "Walksmith" */;
			compatibilityVersion = "Xcode 9.3";
			developmentRegion = en;
			hasScannedForEncodings = 0;
			knownRegions = (
				en,
				Base,
			);
			mainGroup = CEA0F33125FF7D3C00CFB18C;
			packageReferences = (
				CE66B400260218C000609850 /* XCRemoteSwiftPackageReference "smith" */,
			);
			productRefGroup = CEA0F33D25FF7D4C00CFB18C /* Products */;
			projectDirPath = "";
			projectRoot = "";
			targets = (
				CEA0F33B25FF7D4C00CFB18C /* iOS */,
			);
		};
/* End PBXProject section */

/* Begin PBXResourcesBuildPhase section */
		CEA0F33A25FF7D4C00CFB18C /* Resources */ = {
			isa = PBXResourcesBuildPhase;
			buildActionMask = 2147483647;
			files = (
				CEB836122600E1430021BF60 /* Settings.bundle in Resources */,
				CEA0F34425FF7D4C00CFB18C /* Assets.xcassets in Resources */,
			);
			runOnlyForDeploymentPostprocessing = 0;
		};
/* End PBXResourcesBuildPhase section */

/* Begin PBXSourcesBuildPhase section */
		CEA0F33825FF7D4C00CFB18C /* Sources */ = {
			isa = PBXSourcesBuildPhase;
			buildActionMask = 2147483647;
			files = (
				CE0C2AA32603728000256AA5 /* Walking.Time.Ring.swift in Sources */,
				CEB8361E2600EF1D0021BF60 /* Challenge.Metadata.swift in Sources */,
				CE4180B0260241F50046B18F /* Window.swift in Sources */,
				CE0C2AAD26038EDA00256AA5 /* Walking.Segmented.Item.swift in Sources */,
				CE4180B7260245190046B18F /* Detail.swift in Sources */,
				CE4180B3260242310046B18F /* Session.Section.swift in Sources */,
				CE9D770626025EA7000BB7CC /* Walking.swift in Sources */,
				CEBB7B3326062C56007A2AF6 /* Detail.Streak.swift in Sources */,
				CEDE1E1C25FF9FDF005F9E6E /* UIApplication.swift in Sources */,
				CE67067625FF82E00074323A /* Home.swift in Sources */,
				CE16C76926075B600049004F /* Detail.Streak.Ephemeris.swift in Sources */,
				CEDE1E1325FF9EB4005F9E6E /* Game.swift in Sources */,
				CE0C2A9A2603664400256AA5 /* Shadowed.swift in Sources */,
				CEB836162600E9690021BF60 /* Home.Item.swift in Sources */,
				CE23589426023AA700D2BFBB /* Session.Player.swift in Sources */,
				CE4180BF26024D620046B18F /* App.Delegate.swift in Sources */,
				CE16C765260758C00049004F /* Metrics.swift in Sources */,
				CE352A912604D4730081311F /* Listed.Item.swift in Sources */,
				CE2491162606163F00B3E741 /* Home.Item.Streak.swift in Sources */,
				CE4180BB26024A0F0046B18F /* Detail.Start.swift in Sources */,
				CE9E86F72604B475003C0D58 /* RelativeDateTimeFormatter.swift in Sources */,
				CEBB7B372606301E007A2AF6 /* Detail.Streak.Header.swift in Sources */,
				CE352A9E2604F25C0081311F /* Leaderboards.Coordinator.swift in Sources */,
				CE67067E25FF84730074323A /* Home.Greet.swift in Sources */,
				CE0C2AA826038CC600256AA5 /* Walking.Segmented.swift in Sources */,
				CE352A962604E1B30081311F /* Listed.Item.Bar.swift in Sources */,
				CE0C2A9E26036BF300256AA5 /* Walking.Time.swift in Sources */,
				CE0C2AB12603921C00256AA5 /* Walking.Segmented.Status.swift in Sources */,
				CE352A8E2604D2230081311F /* Listed.swift in Sources */,
				CE352A9B2604F2380081311F /* Leaderboards.swift in Sources */,
				CEA0F34025FF7D4C00CFB18C /* App.swift in Sources */,
				CE67067925FF83010074323A /* Session.swift in Sources */,
			);
			runOnlyForDeploymentPostprocessing = 0;
		};
/* End PBXSourcesBuildPhase section */

/* Begin XCBuildConfiguration section */
		CEA0F33625FF7D3C00CFB18C /* Debug */ = {
			isa = XCBuildConfiguration;
			buildSettings = {
				CLANG_ENABLE_MODULES = YES;
				CURRENT_PROJECT_VERSION = "$(MARKETING_VERSION)";
				DEBUG_INFORMATION_FORMAT = dwarf;
				ENABLE_BITCODE = YES;
				GCC_OPTIMIZATION_LEVEL = 0;
				IPHONEOS_DEPLOYMENT_TARGET = 14.0;
				MARKETING_VERSION = 1;
				PRODUCT_NAME = Walksmith;
				SWIFT_INSTALL_OBJC_HEADER = NO;
				SWIFT_OPTIMIZATION_LEVEL = "-Onone";
				SWIFT_VERSION = 5.0;
			};
			name = Debug;
		};
		CEA0F33725FF7D3C00CFB18C /* Release */ = {
			isa = XCBuildConfiguration;
			buildSettings = {
				CLANG_ENABLE_MODULES = YES;
				CURRENT_PROJECT_VERSION = "$(MARKETING_VERSION)";
				DEBUG_INFORMATION_FORMAT = "dwarf-with-dsym";
				ENABLE_BITCODE = YES;
				GCC_OPTIMIZATION_LEVEL = 3;
				IPHONEOS_DEPLOYMENT_TARGET = 14.0;
				MARKETING_VERSION = 1;
				PRODUCT_NAME = Walksmith;
				SWIFT_COMPILATION_MODE = wholemodule;
				SWIFT_INSTALL_OBJC_HEADER = NO;
				SWIFT_VERSION = 5.0;
			};
			name = Release;
		};
		CEA0F34A25FF7D4C00CFB18C /* Debug */ = {
			isa = XCBuildConfiguration;
			buildSettings = {
				ALWAYS_SEARCH_USER_PATHS = NO;
				ASSETCATALOG_COMPILER_APPICON_NAME = AppIcon;
				ASSETCATALOG_COMPILER_GLOBAL_ACCENT_COLOR_NAME = AccentColor;
				CLANG_ANALYZER_NONNULL = YES;
				CLANG_ANALYZER_NUMBER_OBJECT_CONVERSION = YES_AGGRESSIVE;
				CLANG_CXX_LANGUAGE_STANDARD = "gnu++14";
				CLANG_CXX_LIBRARY = "libc++";
				CLANG_ENABLE_OBJC_ARC = YES;
				CLANG_ENABLE_OBJC_WEAK = YES;
				CLANG_WARN_BLOCK_CAPTURE_AUTORELEASING = YES;
				CLANG_WARN_BOOL_CONVERSION = YES;
				CLANG_WARN_COMMA = YES;
				CLANG_WARN_CONSTANT_CONVERSION = YES;
				CLANG_WARN_DEPRECATED_OBJC_IMPLEMENTATIONS = YES;
				CLANG_WARN_DIRECT_OBJC_ISA_USAGE = YES_ERROR;
				CLANG_WARN_DOCUMENTATION_COMMENTS = YES;
				CLANG_WARN_EMPTY_BODY = YES;
				CLANG_WARN_ENUM_CONVERSION = YES;
				CLANG_WARN_INFINITE_RECURSION = YES;
				CLANG_WARN_INT_CONVERSION = YES;
				CLANG_WARN_NON_LITERAL_NULL_CONVERSION = YES;
				CLANG_WARN_OBJC_IMPLICIT_RETAIN_SELF = YES;
				CLANG_WARN_OBJC_LITERAL_CONVERSION = YES;
				CLANG_WARN_OBJC_ROOT_CLASS = YES_ERROR;
				CLANG_WARN_QUOTED_INCLUDE_IN_FRAMEWORK_HEADER = YES;
				CLANG_WARN_RANGE_LOOP_ANALYSIS = YES;
				CLANG_WARN_STRICT_PROTOTYPES = YES;
				CLANG_WARN_SUSPICIOUS_MOVE = YES;
				CLANG_WARN_UNGUARDED_AVAILABILITY = YES_AGGRESSIVE;
				CLANG_WARN_UNREACHABLE_CODE = YES;
				CLANG_WARN__DUPLICATE_METHOD_MATCH = YES;
				CODE_SIGN_ENTITLEMENTS = iOS/Walksmith.entitlements;
				CODE_SIGN_STYLE = Automatic;
				COPY_PHASE_STRIP = NO;
				DEVELOPMENT_TEAM = 7AMWG3RLHN;
				ENABLE_STRICT_OBJC_MSGSEND = YES;
				ENABLE_TESTABILITY = YES;
				GCC_C_LANGUAGE_STANDARD = gnu11;
				GCC_DYNAMIC_NO_PIC = NO;
				GCC_NO_COMMON_BLOCKS = YES;
				GCC_PREPROCESSOR_DEFINITIONS = (
					"DEBUG=1",
					"$(inherited)",
				);
				GCC_WARN_64_TO_32_BIT_CONVERSION = YES;
				GCC_WARN_ABOUT_RETURN_TYPE = YES_ERROR;
				GCC_WARN_UNDECLARED_SELECTOR = YES;
				GCC_WARN_UNINITIALIZED_AUTOS = YES_AGGRESSIVE;
				GCC_WARN_UNUSED_FUNCTION = YES;
				GCC_WARN_UNUSED_VARIABLE = YES;
				INFOPLIST_FILE = iOS/Info.plist;
				LD_RUNPATH_SEARCH_PATHS = (
					"$(inherited)",
					"@executable_path/Frameworks",
				);
				MTL_ENABLE_DEBUG_INFO = INCLUDE_SOURCE;
				MTL_FAST_MATH = YES;
				ONLY_ACTIVE_ARCH = YES;
				PRODUCT_BUNDLE_IDENTIFIER = walksmith;
				SDKROOT = iphoneos;
				SWIFT_ACTIVE_COMPILATION_CONDITIONS = DEBUG;
				TARGETED_DEVICE_FAMILY = "1,2";
			};
			name = Debug;
		};
		CEA0F34B25FF7D4C00CFB18C /* Release */ = {
			isa = XCBuildConfiguration;
			buildSettings = {
				ALWAYS_SEARCH_USER_PATHS = NO;
				ASSETCATALOG_COMPILER_APPICON_NAME = AppIcon;
				ASSETCATALOG_COMPILER_GLOBAL_ACCENT_COLOR_NAME = AccentColor;
				CLANG_ANALYZER_NONNULL = YES;
				CLANG_ANALYZER_NUMBER_OBJECT_CONVERSION = YES_AGGRESSIVE;
				CLANG_CXX_LANGUAGE_STANDARD = "gnu++14";
				CLANG_CXX_LIBRARY = "libc++";
				CLANG_ENABLE_OBJC_ARC = YES;
				CLANG_ENABLE_OBJC_WEAK = YES;
				CLANG_WARN_BLOCK_CAPTURE_AUTORELEASING = YES;
				CLANG_WARN_BOOL_CONVERSION = YES;
				CLANG_WARN_COMMA = YES;
				CLANG_WARN_CONSTANT_CONVERSION = YES;
				CLANG_WARN_DEPRECATED_OBJC_IMPLEMENTATIONS = YES;
				CLANG_WARN_DIRECT_OBJC_ISA_USAGE = YES_ERROR;
				CLANG_WARN_DOCUMENTATION_COMMENTS = YES;
				CLANG_WARN_EMPTY_BODY = YES;
				CLANG_WARN_ENUM_CONVERSION = YES;
				CLANG_WARN_INFINITE_RECURSION = YES;
				CLANG_WARN_INT_CONVERSION = YES;
				CLANG_WARN_NON_LITERAL_NULL_CONVERSION = YES;
				CLANG_WARN_OBJC_IMPLICIT_RETAIN_SELF = YES;
				CLANG_WARN_OBJC_LITERAL_CONVERSION = YES;
				CLANG_WARN_OBJC_ROOT_CLASS = YES_ERROR;
				CLANG_WARN_QUOTED_INCLUDE_IN_FRAMEWORK_HEADER = YES;
				CLANG_WARN_RANGE_LOOP_ANALYSIS = YES;
				CLANG_WARN_STRICT_PROTOTYPES = YES;
				CLANG_WARN_SUSPICIOUS_MOVE = YES;
				CLANG_WARN_UNGUARDED_AVAILABILITY = YES_AGGRESSIVE;
				CLANG_WARN_UNREACHABLE_CODE = YES;
				CLANG_WARN__DUPLICATE_METHOD_MATCH = YES;
				CODE_SIGN_ENTITLEMENTS = iOS/Walksmith.entitlements;
				CODE_SIGN_STYLE = Automatic;
				COPY_PHASE_STRIP = NO;
				DEVELOPMENT_TEAM = 7AMWG3RLHN;
				ENABLE_NS_ASSERTIONS = NO;
				ENABLE_STRICT_OBJC_MSGSEND = YES;
				GCC_C_LANGUAGE_STANDARD = gnu11;
				GCC_NO_COMMON_BLOCKS = YES;
				GCC_WARN_64_TO_32_BIT_CONVERSION = YES;
				GCC_WARN_ABOUT_RETURN_TYPE = YES_ERROR;
				GCC_WARN_UNDECLARED_SELECTOR = YES;
				GCC_WARN_UNINITIALIZED_AUTOS = YES_AGGRESSIVE;
				GCC_WARN_UNUSED_FUNCTION = YES;
				GCC_WARN_UNUSED_VARIABLE = YES;
				INFOPLIST_FILE = iOS/Info.plist;
				LD_RUNPATH_SEARCH_PATHS = (
					"$(inherited)",
					"@executable_path/Frameworks",
				);
				MTL_ENABLE_DEBUG_INFO = NO;
				MTL_FAST_MATH = YES;
				PRODUCT_BUNDLE_IDENTIFIER = walksmith;
				SDKROOT = iphoneos;
				TARGETED_DEVICE_FAMILY = "1,2";
				VALIDATE_PRODUCT = YES;
			};
			name = Release;
		};
/* End XCBuildConfiguration section */

/* Begin XCConfigurationList section */
		CEA0F33525FF7D3C00CFB18C /* Build configuration list for PBXProject "Walksmith" */ = {
			isa = XCConfigurationList;
			buildConfigurations = (
				CEA0F33625FF7D3C00CFB18C /* Debug */,
				CEA0F33725FF7D3C00CFB18C /* Release */,
			);
			defaultConfigurationIsVisible = 0;
			defaultConfigurationName = Release;
		};
		CEA0F34925FF7D4C00CFB18C /* Build configuration list for PBXNativeTarget "iOS" */ = {
			isa = XCConfigurationList;
			buildConfigurations = (
				CEA0F34A25FF7D4C00CFB18C /* Debug */,
				CEA0F34B25FF7D4C00CFB18C /* Release */,
			);
			defaultConfigurationIsVisible = 0;
			defaultConfigurationName = Release;
		};
/* End XCConfigurationList section */

/* Begin XCRemoteSwiftPackageReference section */
		CE66B400260218C000609850 /* XCRemoteSwiftPackageReference "smith" */ = {
			isa = XCRemoteSwiftPackageReference;
			repositoryURL = "https://github.com/walksmith/smith.git";
			requirement = {
				branch = main;
				kind = branch;
			};
		};
/* End XCRemoteSwiftPackageReference section */

/* Begin XCSwiftPackageProductDependency section */
		CE66B401260218C000609850 /* Smith */ = {
			isa = XCSwiftPackageProductDependency;
			package = CE66B400260218C000609850 /* XCRemoteSwiftPackageReference "smith" */;
			productName = Smith;
		};
/* End XCSwiftPackageProductDependency section */
	};
	rootObject = CEA0F33225FF7D3C00CFB18C /* Project object */;
}
