// !$*UTF8*$!
{
	archiveVersion = 1;
	classes = {
	};
	objectVersion = 50;
	objects = {

/* Begin PBXGroup section */
		CEA0F33125FF7D3C00CFB18C = {
			isa = PBXGroup;
			children = (
			);
			sourceTree = "<group>";
		};
/* End PBXGroup section */

/* Begin PBXProject section */
		CEA0F33225FF7D3C00CFB18C /* Project object */ = {
			isa = PBXProject;
			attributes = {
				LastUpgradeCheck = 1240;
			};
			buildConfigurationList = CEA0F33525FF7D3C00CFB18C /* Build configuration list for PBXProject "Walksmith" */;
			compatibilityVersion = "Xcode 9.3";
			developmentRegion = en;
			hasScannedForEncodings = 0;
			knownRegions = (
				en,
				Base,
			);
			mainGroup = CEA0F33125FF7D3C00CFB18C;
			projectDirPath = "";
			projectRoot = "";
			targets = (
			);
		};
/* End PBXProject section */

/* Begin XCBuildConfiguration section */
		CEA0F33625FF7D3C00CFB18C /* Debug */ = {
			isa = XCBuildConfiguration;
			buildSettings = {
			};
			name = Debug;
		};
		CEA0F33725FF7D3C00CFB18C /* Release */ = {
			isa = XCBuildConfiguration;
			buildSettings = {
			};
			name = Release;
		};
/* End XCBuildConfiguration section */

/* Begin XCConfigurationList section */
		CEA0F33525FF7D3C00CFB18C /* Build configuration list for PBXProject "Walksmith" */ = {
			isa = XCConfigurationList;
			buildConfigurations = (
				CEA0F33625FF7D3C00CFB18C /* Debug */,
				CEA0F33725FF7D3C00CFB18C /* Release */,
			);
			defaultConfigurationIsVisible = 0;
			defaultConfigurationName = Release;
		};
/* End XCConfigurationList section */
	};
	rootObject = CEA0F33225FF7D3C00CFB18C /* Project object */;
}
