{
  "object": {
    "pins": [
      {
        "package": "Archivable",
        "repositoryURL": "https://github.com/archivable/package.git",
        "state": {
          "branch": "main",
          "revision": "9c14c1fe1f0d05b8c5b1cc5be9019c0a97457d21",
          "version": null
        }
      },
      {
        "package": "Smith",
        "repositoryURL": "https://github.com/walksmith/smith.git",
        "state": {
          "branch": "main",
          "revision": "e04e11737b7775baba5bfd0c34837f5185ec9039",
          "version": null
        }
      }
    ]
  },
  "version": 1
}
